// !$*UTF8*$!
{
	archiveVersion = 1;
	classes = {
	};
	objectVersion = 46;
	objects = {

/* Begin PBXBuildFile section */
		3346C391DB77CFBF7A537D92 /* Pods.framework in Frameworks */ = {isa = PBXBuildFile; fileRef = 3AF77176ED0BDD3C1A42B73A /* Pods.framework */; };
		EB13C9231C53172E00F33EFA /* LandscapeLayer.swift in Sources */ = {isa = PBXBuildFile; fileRef = EB13C9221C53172E00F33EFA /* LandscapeLayer.swift */; };
		EB13C9271C53438200F33EFA /* PrecipitationLayer.swift in Sources */ = {isa = PBXBuildFile; fileRef = EB13C9261C53438200F33EFA /* PrecipitationLayer.swift */; };
		EB13C9291C534BE900F33EFA /* Snowflake.swift in Sources */ = {isa = PBXBuildFile; fileRef = EB13C9281C534BE900F33EFA /* Snowflake.swift */; };
		EB37C9FC1C53FAF000D99617 /* Colors.plist in Resources */ = {isa = PBXBuildFile; fileRef = EB37C9FB1C53FAF000D99617 /* Colors.plist */; };
		EBC7389C1C53664100ABE1DB /* Tree.swift in Sources */ = {isa = PBXBuildFile; fileRef = EBC7389B1C53664100ABE1DB /* Tree.swift */; };
		EBC738A01C536F7200ABE1DB /* Mountain.swift in Sources */ = {isa = PBXBuildFile; fileRef = EBC7389F1C536F7200ABE1DB /* Mountain.swift */; };
		EBC738A21C53769100ABE1DB /* Hill.swift in Sources */ = {isa = PBXBuildFile; fileRef = EBC738A11C53769100ABE1DB /* Hill.swift */; };
		EBC738A41C537D4E00ABE1DB /* Environment.swift in Sources */ = {isa = PBXBuildFile; fileRef = EBC738A31C537D4E00ABE1DB /* Environment.swift */; };
		EBC738A61C53807100ABE1DB /* Raindrop.swift in Sources */ = {isa = PBXBuildFile; fileRef = EBC738A51C53807100ABE1DB /* Raindrop.swift */; };
		EBC738A81C53816800ABE1DB /* Precipitation.swift in Sources */ = {isa = PBXBuildFile; fileRef = EBC738A71C53816800ABE1DB /* Precipitation.swift */; };
		EBC738AA1C53C92000ABE1DB /* PrecipitationType.swift in Sources */ = {isa = PBXBuildFile; fileRef = EBC738A91C53C92000ABE1DB /* PrecipitationType.swift */; };
		EBC80F8B1C530059005CA81E /* AppDelegate.swift in Sources */ = {isa = PBXBuildFile; fileRef = EBC80F8A1C530059005CA81E /* AppDelegate.swift */; };
		EBC80F8D1C530059005CA81E /* ViewController.swift in Sources */ = {isa = PBXBuildFile; fileRef = EBC80F8C1C530059005CA81E /* ViewController.swift */; };
		EBC80F901C530059005CA81E /* Main.storyboard in Resources */ = {isa = PBXBuildFile; fileRef = EBC80F8E1C530059005CA81E /* Main.storyboard */; };
		EBC80F921C530059005CA81E /* Assets.xcassets in Resources */ = {isa = PBXBuildFile; fileRef = EBC80F911C530059005CA81E /* Assets.xcassets */; };
		EBC80F951C530059005CA81E /* LaunchScreen.storyboard in Resources */ = {isa = PBXBuildFile; fileRef = EBC80F931C530059005CA81E /* LaunchScreen.storyboard */; };
/* End PBXBuildFile section */

/* Begin PBXFileReference section */
		1195BECE0C394B6C5D45D94C /* Pods.release.xcconfig */ = {isa = PBXFileReference; includeInIndex = 1; lastKnownFileType = text.xcconfig; name = Pods.release.xcconfig; path = "Pods/Target Support Files/Pods/Pods.release.xcconfig"; sourceTree = "<group>"; };
		3AF77176ED0BDD3C1A42B73A /* Pods.framework */ = {isa = PBXFileReference; explicitFileType = wrapper.framework; includeInIndex = 0; path = Pods.framework; sourceTree = BUILT_PRODUCTS_DIR; };
		79C58FE60D17458BC1B224CD /* Pods.debug.xcconfig */ = {isa = PBXFileReference; includeInIndex = 1; lastKnownFileType = text.xcconfig; name = Pods.debug.xcconfig; path = "Pods/Target Support Files/Pods/Pods.debug.xcconfig"; sourceTree = "<group>"; };
		EB13C9221C53172E00F33EFA /* LandscapeLayer.swift */ = {isa = PBXFileReference; fileEncoding = 4; lastKnownFileType = sourcecode.swift; path = LandscapeLayer.swift; sourceTree = "<group>"; };
		EB13C9261C53438200F33EFA /* PrecipitationLayer.swift */ = {isa = PBXFileReference; fileEncoding = 4; lastKnownFileType = sourcecode.swift; path = PrecipitationLayer.swift; sourceTree = "<group>"; };
		EB13C9281C534BE900F33EFA /* Snowflake.swift */ = {isa = PBXFileReference; fileEncoding = 4; lastKnownFileType = sourcecode.swift; path = Snowflake.swift; sourceTree = "<group>"; };
		EB37C9FB1C53FAF000D99617 /* Colors.plist */ = {isa = PBXFileReference; fileEncoding = 4; lastKnownFileType = text.plist.xml; path = Colors.plist; sourceTree = "<group>"; };
		EBC7389B1C53664100ABE1DB /* Tree.swift */ = {isa = PBXFileReference; fileEncoding = 4; lastKnownFileType = sourcecode.swift; path = Tree.swift; sourceTree = "<group>"; };
		EBC7389F1C536F7200ABE1DB /* Mountain.swift */ = {isa = PBXFileReference; fileEncoding = 4; lastKnownFileType = sourcecode.swift; path = Mountain.swift; sourceTree = "<group>"; };
		EBC738A11C53769100ABE1DB /* Hill.swift */ = {isa = PBXFileReference; fileEncoding = 4; lastKnownFileType = sourcecode.swift; path = Hill.swift; sourceTree = "<group>"; };
		EBC738A31C537D4E00ABE1DB /* Environment.swift */ = {isa = PBXFileReference; fileEncoding = 4; lastKnownFileType = sourcecode.swift; path = Environment.swift; sourceTree = "<group>"; };
		EBC738A51C53807100ABE1DB /* Raindrop.swift */ = {isa = PBXFileReference; fileEncoding = 4; lastKnownFileType = sourcecode.swift; path = Raindrop.swift; sourceTree = "<group>"; };
		EBC738A71C53816800ABE1DB /* Precipitation.swift */ = {isa = PBXFileReference; fileEncoding = 4; lastKnownFileType = sourcecode.swift; path = Precipitation.swift; sourceTree = "<group>"; };
		EBC738A91C53C92000ABE1DB /* PrecipitationType.swift */ = {isa = PBXFileReference; fileEncoding = 4; lastKnownFileType = sourcecode.swift; path = PrecipitationType.swift; sourceTree = "<group>"; };
		EBC80F871C530059005CA81E /* Alpine.app */ = {isa = PBXFileReference; explicitFileType = wrapper.application; includeInIndex = 0; path = Alpine.app; sourceTree = BUILT_PRODUCTS_DIR; };
		EBC80F8A1C530059005CA81E /* AppDelegate.swift */ = {isa = PBXFileReference; lastKnownFileType = sourcecode.swift; path = AppDelegate.swift; sourceTree = "<group>"; };
		EBC80F8C1C530059005CA81E /* ViewController.swift */ = {isa = PBXFileReference; lastKnownFileType = sourcecode.swift; path = ViewController.swift; sourceTree = "<group>"; };
		EBC80F8F1C530059005CA81E /* Base */ = {isa = PBXFileReference; lastKnownFileType = file.storyboard; name = Base; path = Base.lproj/Main.storyboard; sourceTree = "<group>"; };
		EBC80F911C530059005CA81E /* Assets.xcassets */ = {isa = PBXFileReference; lastKnownFileType = folder.assetcatalog; path = Assets.xcassets; sourceTree = "<group>"; };
		EBC80F941C530059005CA81E /* Base */ = {isa = PBXFileReference; lastKnownFileType = file.storyboard; name = Base; path = Base.lproj/LaunchScreen.storyboard; sourceTree = "<group>"; };
		EBC80F961C530059005CA81E /* Info.plist */ = {isa = PBXFileReference; lastKnownFileType = text.plist.xml; path = Info.plist; sourceTree = "<group>"; };
/* End PBXFileReference section */

/* Begin PBXFrameworksBuildPhase section */
		EBC80F841C530059005CA81E /* Frameworks */ = {
			isa = PBXFrameworksBuildPhase;
			buildActionMask = 2147483647;
			files = (
				3346C391DB77CFBF7A537D92 /* Pods.framework in Frameworks */,
			);
			runOnlyForDeploymentPostprocessing = 0;
		};
/* End PBXFrameworksBuildPhase section */

/* Begin PBXGroup section */
		7A757889F6C7920FD04F66CE /* Pods */ = {
			isa = PBXGroup;
			children = (
				79C58FE60D17458BC1B224CD /* Pods.debug.xcconfig */,
				1195BECE0C394B6C5D45D94C /* Pods.release.xcconfig */,
			);
			name = Pods;
			sourceTree = "<group>";
		};
		EBC80F7E1C530059005CA81E = {
			isa = PBXGroup;
			children = (
				EBC80F891C530059005CA81E /* Alpine */,
				EBC80F881C530059005CA81E /* Products */,
				7A757889F6C7920FD04F66CE /* Pods */,
				F7054197A082E896DAF18D90 /* Frameworks */,
			);
			sourceTree = "<group>";
		};
		EBC80F881C530059005CA81E /* Products */ = {
			isa = PBXGroup;
			children = (
				EBC80F871C530059005CA81E /* Alpine.app */,
			);
			name = Products;
			sourceTree = "<group>";
		};
		EBC80F891C530059005CA81E /* Alpine */ = {
			isa = PBXGroup;
			children = (
				EBC80F8A1C530059005CA81E /* AppDelegate.swift */,
				EBC80F8C1C530059005CA81E /* ViewController.swift */,
				EBC80F8E1C530059005CA81E /* Main.storyboard */,
				EBC80F911C530059005CA81E /* Assets.xcassets */,
				EBC80F931C530059005CA81E /* LaunchScreen.storyboard */,
				EBC80F961C530059005CA81E /* Info.plist */,
				EB13C9221C53172E00F33EFA /* LandscapeLayer.swift */,
				EB13C9261C53438200F33EFA /* PrecipitationLayer.swift */,
				EB13C9281C534BE900F33EFA /* Snowflake.swift */,
				EBC738A71C53816800ABE1DB /* Precipitation.swift */,
				EBC738A51C53807100ABE1DB /* Raindrop.swift */,
				EBC7389B1C53664100ABE1DB /* Tree.swift */,
				EBC7389F1C536F7200ABE1DB /* Mountain.swift */,
				EBC738A11C53769100ABE1DB /* Hill.swift */,
				EBC738A31C537D4E00ABE1DB /* Environment.swift */,
				EB37C9FB1C53FAF000D99617 /* Colors.plist */,
				EBC738A91C53C92000ABE1DB /* PrecipitationType.swift */,
			);
			path = Alpine;
			sourceTree = "<group>";
		};
		F7054197A082E896DAF18D90 /* Frameworks */ = {
			isa = PBXGroup;
			children = (
				3AF77176ED0BDD3C1A42B73A /* Pods.framework */,
			);
			name = Frameworks;
			sourceTree = "<group>";
		};
/* End PBXGroup section */

/* Begin PBXNativeTarget section */
		EBC80F861C530059005CA81E /* Alpine */ = {
			isa = PBXNativeTarget;
			buildConfigurationList = EBC80F991C530059005CA81E /* Build configuration list for PBXNativeTarget "Alpine" */;
			buildPhases = (
				A831D4EAA77632F952E8B644 /* Check Pods Manifest.lock */,
				EBC80F831C530059005CA81E /* Sources */,
				EBC80F841C530059005CA81E /* Frameworks */,
				EBC80F851C530059005CA81E /* Resources */,
				5B25378D6ED5F4B22B3FA0A0 /* Embed Pods Frameworks */,
				ECBD14F483232CB37784A1DE /* Copy Pods Resources */,
			);
			buildRules = (
			);
			dependencies = (
			);
			name = Alpine;
			productName = Alpine;
			productReference = EBC80F871C530059005CA81E /* Alpine.app */;
			productType = "com.apple.product-type.application";
		};
/* End PBXNativeTarget section */

/* Begin PBXProject section */
		EBC80F7F1C530059005CA81E /* Project object */ = {
			isa = PBXProject;
			attributes = {
				LastSwiftUpdateCheck = 0720;
				LastUpgradeCheck = 0720;
				ORGANIZATIONNAME = "Jack Cook";
				TargetAttributes = {
					EBC80F861C530059005CA81E = {
						CreatedOnToolsVersion = 7.2;
						DevelopmentTeam = JDJKS788L2;
					};
				};
			};
			buildConfigurationList = EBC80F821C530059005CA81E /* Build configuration list for PBXProject "Alpine" */;
			compatibilityVersion = "Xcode 3.2";
			developmentRegion = English;
			hasScannedForEncodings = 0;
			knownRegions = (
				en,
				Base,
			);
			mainGroup = EBC80F7E1C530059005CA81E;
			productRefGroup = EBC80F881C530059005CA81E /* Products */;
			projectDirPath = "";
			projectRoot = "";
			targets = (
				EBC80F861C530059005CA81E /* Alpine */,
			);
		};
/* End PBXProject section */

/* Begin PBXResourcesBuildPhase section */
		EBC80F851C530059005CA81E /* Resources */ = {
			isa = PBXResourcesBuildPhase;
			buildActionMask = 2147483647;
			files = (
				EB37C9FC1C53FAF000D99617 /* Colors.plist in Resources */,
				EBC80F951C530059005CA81E /* LaunchScreen.storyboard in Resources */,
				EBC80F921C530059005CA81E /* Assets.xcassets in Resources */,
				EBC80F901C530059005CA81E /* Main.storyboard in Resources */,
			);
			runOnlyForDeploymentPostprocessing = 0;
		};
/* End PBXResourcesBuildPhase section */

/* Begin PBXShellScriptBuildPhase section */
		5B25378D6ED5F4B22B3FA0A0 /* Embed Pods Frameworks */ = {
			isa = PBXShellScriptBuildPhase;
			buildActionMask = 2147483647;
			files = (
			);
			inputPaths = (
			);
			name = "Embed Pods Frameworks";
			outputPaths = (
			);
			runOnlyForDeploymentPostprocessing = 0;
			shellPath = /bin/sh;
			shellScript = "\"${SRCROOT}/Pods/Target Support Files/Pods/Pods-frameworks.sh\"\n";
			showEnvVarsInLog = 0;
		};
		A831D4EAA77632F952E8B644 /* Check Pods Manifest.lock */ = {
			isa = PBXShellScriptBuildPhase;
			buildActionMask = 2147483647;
			files = (
			);
			inputPaths = (
			);
			name = "Check Pods Manifest.lock";
			outputPaths = (
			);
			runOnlyForDeploymentPostprocessing = 0;
			shellPath = /bin/sh;
			shellScript = "diff \"${PODS_ROOT}/../Podfile.lock\" \"${PODS_ROOT}/Manifest.lock\" > /dev/null\nif [[ $? != 0 ]] ; then\n    cat << EOM\nerror: The sandbox is not in sync with the Podfile.lock. Run 'pod install' or update your CocoaPods installation.\nEOM\n    exit 1\nfi\n";
			showEnvVarsInLog = 0;
		};
		ECBD14F483232CB37784A1DE /* Copy Pods Resources */ = {
			isa = PBXShellScriptBuildPhase;
			buildActionMask = 2147483647;
			files = (
			);
			inputPaths = (
			);
			name = "Copy Pods Resources";
			outputPaths = (
			);
			runOnlyForDeploymentPostprocessing = 0;
			shellPath = /bin/sh;
			shellScript = "\"${SRCROOT}/Pods/Target Support Files/Pods/Pods-resources.sh\"\n";
			showEnvVarsInLog = 0;
		};
/* End PBXShellScriptBuildPhase section */

/* Begin PBXSourcesBuildPhase section */
		EBC80F831C530059005CA81E /* Sources */ = {
			isa = PBXSourcesBuildPhase;
			buildActionMask = 2147483647;
			files = (
				EBC7389C1C53664100ABE1DB /* Tree.swift in Sources */,
				EBC738AA1C53C92000ABE1DB /* PrecipitationType.swift in Sources */,
				EB13C9291C534BE900F33EFA /* Snowflake.swift in Sources */,
				EB13C9271C53438200F33EFA /* PrecipitationLayer.swift in Sources */,
				EBC738A61C53807100ABE1DB /* Raindrop.swift in Sources */,
				EBC738A81C53816800ABE1DB /* Precipitation.swift in Sources */,
				EBC738A01C536F7200ABE1DB /* Mountain.swift in Sources */,
				EBC80F8D1C530059005CA81E /* ViewController.swift in Sources */,
				EBC738A21C53769100ABE1DB /* Hill.swift in Sources */,
				EBC80F8B1C530059005CA81E /* AppDelegate.swift in Sources */,
				EB13C9231C53172E00F33EFA /* LandscapeLayer.swift in Sources */,
				EBC738A41C537D4E00ABE1DB /* Environment.swift in Sources */,
			);
			runOnlyForDeploymentPostprocessing = 0;
		};
/* End PBXSourcesBuildPhase section */

/* Begin PBXVariantGroup section */
		EBC80F8E1C530059005CA81E /* Main.storyboard */ = {
			isa = PBXVariantGroup;
			children = (
				EBC80F8F1C530059005CA81E /* Base */,
			);
			name = Main.storyboard;
			sourceTree = "<group>";
		};
		EBC80F931C530059005CA81E /* LaunchScreen.storyboard */ = {
			isa = PBXVariantGroup;
			children = (
				EBC80F941C530059005CA81E /* Base */,
			);
			name = LaunchScreen.storyboard;
			sourceTree = "<group>";
		};
/* End PBXVariantGroup section */

/* Begin XCBuildConfiguration section */
		EBC80F971C530059005CA81E /* Debug */ = {
			isa = XCBuildConfiguration;
			buildSettings = {
				ALWAYS_SEARCH_USER_PATHS = NO;
				CLANG_CXX_LANGUAGE_STANDARD = "gnu++0x";
				CLANG_CXX_LIBRARY = "libc++";
				CLANG_ENABLE_MODULES = YES;
				CLANG_ENABLE_OBJC_ARC = YES;
				CLANG_WARN_BOOL_CONVERSION = YES;
				CLANG_WARN_CONSTANT_CONVERSION = YES;
				CLANG_WARN_DIRECT_OBJC_ISA_USAGE = YES_ERROR;
				CLANG_WARN_EMPTY_BODY = YES;
				CLANG_WARN_ENUM_CONVERSION = YES;
				CLANG_WARN_INT_CONVERSION = YES;
				CLANG_WARN_OBJC_ROOT_CLASS = YES_ERROR;
				CLANG_WARN_UNREACHABLE_CODE = YES;
				CLANG_WARN__DUPLICATE_METHOD_MATCH = YES;
				"CODE_SIGN_IDENTITY[sdk=iphoneos*]" = "iPhone Developer";
				COPY_PHASE_STRIP = NO;
				DEBUG_INFORMATION_FORMAT = dwarf;
				ENABLE_STRICT_OBJC_MSGSEND = YES;
				ENABLE_TESTABILITY = YES;
				GCC_C_LANGUAGE_STANDARD = gnu99;
				GCC_DYNAMIC_NO_PIC = NO;
				GCC_NO_COMMON_BLOCKS = YES;
				GCC_OPTIMIZATION_LEVEL = 0;
				GCC_PREPROCESSOR_DEFINITIONS = (
					"DEBUG=1",
					"$(inherited)",
				);
				GCC_WARN_64_TO_32_BIT_CONVERSION = YES;
				GCC_WARN_ABOUT_RETURN_TYPE = YES_ERROR;
				GCC_WARN_UNDECLARED_SELECTOR = YES;
				GCC_WARN_UNINITIALIZED_AUTOS = YES_AGGRESSIVE;
				GCC_WARN_UNUSED_FUNCTION = YES;
				GCC_WARN_UNUSED_VARIABLE = YES;
				IPHONEOS_DEPLOYMENT_TARGET = 9.2;
				MTL_ENABLE_DEBUG_INFO = YES;
				ONLY_ACTIVE_ARCH = YES;
				SDKROOT = iphoneos;
				SWIFT_OPTIMIZATION_LEVEL = "-Onone";
				TARGETED_DEVICE_FAMILY = "1,2";
			};
			name = Debug;
		};
		EBC80F981C530059005CA81E /* Release */ = {
			isa = XCBuildConfiguration;
			buildSettings = {
				ALWAYS_SEARCH_USER_PATHS = NO;
				CLANG_CXX_LANGUAGE_STANDARD = "gnu++0x";
				CLANG_CXX_LIBRARY = "libc++";
				CLANG_ENABLE_MODULES = YES;
				CLANG_ENABLE_OBJC_ARC = YES;
				CLANG_WARN_BOOL_CONVERSION = YES;
				CLANG_WARN_CONSTANT_CONVERSION = YES;
				CLANG_WARN_DIRECT_OBJC_ISA_USAGE = YES_ERROR;
				CLANG_WARN_EMPTY_BODY = YES;
				CLANG_WARN_ENUM_CONVERSION = YES;
				CLANG_WARN_INT_CONVERSION = YES;
				CLANG_WARN_OBJC_ROOT_CLASS = YES_ERROR;
				CLANG_WARN_UNREACHABLE_CODE = YES;
				CLANG_WARN__DUPLICATE_METHOD_MATCH = YES;
				"CODE_SIGN_IDENTITY[sdk=iphoneos*]" = "iPhone Developer";
				COPY_PHASE_STRIP = NO;
				DEBUG_INFORMATION_FORMAT = "dwarf-with-dsym";
				ENABLE_NS_ASSERTIONS = NO;
				ENABLE_STRICT_OBJC_MSGSEND = YES;
				GCC_C_LANGUAGE_STANDARD = gnu99;
				GCC_NO_COMMON_BLOCKS = YES;
				GCC_WARN_64_TO_32_BIT_CONVERSION = YES;
				GCC_WARN_ABOUT_RETURN_TYPE = YES_ERROR;
				GCC_WARN_UNDECLARED_SELECTOR = YES;
				GCC_WARN_UNINITIALIZED_AUTOS = YES_AGGRESSIVE;
				GCC_WARN_UNUSED_FUNCTION = YES;
				GCC_WARN_UNUSED_VARIABLE = YES;
				IPHONEOS_DEPLOYMENT_TARGET = 9.2;
				MTL_ENABLE_DEBUG_INFO = NO;
				SDKROOT = iphoneos;
				TARGETED_DEVICE_FAMILY = "1,2";
				VALIDATE_PRODUCT = YES;
			};
			name = Release;
		};
		EBC80F9A1C530059005CA81E /* Debug */ = {
			isa = XCBuildConfiguration;
			baseConfigurationReference = 79C58FE60D17458BC1B224CD /* Pods.debug.xcconfig */;
			buildSettings = {
				ASSETCATALOG_COMPILER_APPICON_NAME = AppIcon;
				CODE_SIGN_IDENTITY = "iPhone Developer";
				INFOPLIST_FILE = Alpine/Info.plist;
				LD_RUNPATH_SEARCH_PATHS = "$(inherited) @executable_path/Frameworks";
				PRODUCT_BUNDLE_IDENTIFIER = nyc.jackcook.Alpine;
				PRODUCT_NAME = "$(TARGET_NAME)";
			};
			name = Debug;
		};
		EBC80F9B1C530059005CA81E /* Release */ = {
			isa = XCBuildConfiguration;
			baseConfigurationReference = 1195BECE0C394B6C5D45D94C /* Pods.release.xcconfig */;
			buildSettings = {
				ASSETCATALOG_COMPILER_APPICON_NAME = AppIcon;
				CODE_SIGN_IDENTITY = "iPhone Developer";
				INFOPLIST_FILE = Alpine/Info.plist;
				LD_RUNPATH_SEARCH_PATHS = "$(inherited) @executable_path/Frameworks";
				PRODUCT_BUNDLE_IDENTIFIER = nyc.jackcook.Alpine;
				PRODUCT_NAME = "$(TARGET_NAME)";
			};
			name = Release;
		};
/* End XCBuildConfiguration section */

/* Begin XCConfigurationList section */
		EBC80F821C530059005CA81E /* Build configuration list for PBXProject "Alpine" */ = {
			isa = XCConfigurationList;
			buildConfigurations = (
				EBC80F971C530059005CA81E /* Debug */,
				EBC80F981C530059005CA81E /* Release */,
			);
			defaultConfigurationIsVisible = 0;
			defaultConfigurationName = Release;
		};
		EBC80F991C530059005CA81E /* Build configuration list for PBXNativeTarget "Alpine" */ = {
			isa = XCConfigurationList;
			buildConfigurations = (
				EBC80F9A1C530059005CA81E /* Debug */,
				EBC80F9B1C530059005CA81E /* Release */,
			);
			defaultConfigurationIsVisible = 0;
			defaultConfigurationName = Release;
		};
/* End XCConfigurationList section */
	};
	rootObject = EBC80F7F1C530059005CA81E /* Project object */;
}
