// !$*UTF8*$!
{
	archiveVersion = 1;
	classes = {
	};
	objectVersion = 46;
	objects = {

/* Begin PBXBuildFile section */
		EBC80F8B1C530059005CA81E /* AppDelegate.swift in Sources */ = {isa = PBXBuildFile; fileRef = EBC80F8A1C530059005CA81E /* AppDelegate.swift */; };
		EBC80F8D1C530059005CA81E /* ViewController.swift in Sources */ = {isa = PBXBuildFile; fileRef = EBC80F8C1C530059005CA81E /* ViewController.swift */; };
		EBC80F901C530059005CA81E /* Main.storyboard in Resources */ = {isa = PBXBuildFile; fileRef = EBC80F8E1C530059005CA81E /* Main.storyboard */; };
		EBC80F921C530059005CA81E /* Assets.xcassets in Resources */ = {isa = PBXBuildFile; fileRef = EBC80F911C530059005CA81E /* Assets.xcassets */; };
		EBC80F951C530059005CA81E /* LaunchScreen.storyboard in Resources */ = {isa = PBXBuildFile; fileRef = EBC80F931C530059005CA81E /* LaunchScreen.storyboard */; };
/* End PBXBuildFile section */

/* Begin PBXFileReference section */
		EBC80F871C530059005CA81E /* Alpine.app */ = {isa = PBXFileReference; explicitFileType = wrapper.application; includeInIndex = 0; path = Alpine.app; sourceTree = BUILT_PRODUCTS_DIR; };
		EBC80F8A1C530059005CA81E /* AppDelegate.swift */ = {isa = PBXFileReference; lastKnownFileType = sourcecode.swift; path = AppDelegate.swift; sourceTree = "<group>"; };
		EBC80F8C1C530059005CA81E /* ViewController.swift */ = {isa = PBXFileReference; lastKnownFileType = sourcecode.swift; path = ViewController.swift; sourceTree = "<group>"; };
		EBC80F8F1C530059005CA81E /* Base */ = {isa = PBXFileReference; lastKnownFileType = file.storyboard; name = Base; path = Base.lproj/Main.storyboard; sourceTree = "<group>"; };
		EBC80F911C530059005CA81E /* Assets.xcassets */ = {isa = PBXFileReference; lastKnownFileType = folder.assetcatalog; path = Assets.xcassets; sourceTree = "<group>"; };
		EBC80F941C530059005CA81E /* Base */ = {isa = PBXFileReference; lastKnownFileType = file.storyboard; name = Base; path = Base.lproj/LaunchScreen.storyboard; sourceTree = "<group>"; };
		EBC80F961C530059005CA81E /* Info.plist */ = {isa = PBXFileReference; lastKnownFileType = text.plist.xml; path = Info.plist; sourceTree = "<group>"; };
/* End PBXFileReference section */

/* Begin PBXFrameworksBuildPhase section */
		EBC80F841C530059005CA81E /* Frameworks */ = {
			isa = PBXFrameworksBuildPhase;
			buildActionMask = 2147483647;
			files = (
			);
			runOnlyForDeploymentPostprocessing = 0;
		};
/* End PBXFrameworksBuildPhase section */

/* Begin PBXGroup section */
		EBC80F7E1C530059005CA81E = {
			isa = PBXGroup;
			children = (
				EBC80F891C530059005CA81E /* Alpine */,
				EBC80F881C530059005CA81E /* Products */,
			);
			sourceTree = "<group>";
		};
		EBC80F881C530059005CA81E /* Products */ = {
			isa = PBXGroup;
			children = (
				EBC80F871C530059005CA81E /* Alpine.app */,
			);
			name = Products;
			sourceTree = "<group>";
		};
		EBC80F891C530059005CA81E /* Alpine */ = {
			isa = PBXGroup;
			children = (
				EBC80F8A1C530059005CA81E /* AppDelegate.swift */,
				EBC80F8C1C530059005CA81E /* ViewController.swift */,
				EBC80F8E1C530059005CA81E /* Main.storyboard */,
				EBC80F911C530059005CA81E /* Assets.xcassets */,
				EBC80F931C530059005CA81E /* LaunchScreen.storyboard */,
				EBC80F961C530059005CA81E /* Info.plist */,
			);
			path = Alpine;
			sourceTree = "<group>";
		};
/* End PBXGroup section */

/* Begin PBXNativeTarget section */
		EBC80F861C530059005CA81E /* Alpine */ = {
			isa = PBXNativeTarget;
			buildConfigurationList = EBC80F991C530059005CA81E /* Build configuration list for PBXNativeTarget "Alpine" */;
			buildPhases = (
				EBC80F831C530059005CA81E /* Sources */,
				EBC80F841C530059005CA81E /* Frameworks */,
				EBC80F851C530059005CA81E /* Resources */,
			);
			buildRules = (
			);
			dependencies = (
			);
			name = Alpine;
			productName = Alpine;
			productReference = EBC80F871C530059005CA81E /* Alpine.app */;
			productType = "com.apple.product-type.application";
		};
/* End PBXNativeTarget section */

/* Begin PBXProject section */
		EBC80F7F1C530059005CA81E /* Project object */ = {
			isa = PBXProject;
			attributes = {
				LastSwiftUpdateCheck = 0720;
				LastUpgradeCheck = 0720;
				ORGANIZATIONNAME = "Jack Cook";
				TargetAttributes = {
					EBC80F861C530059005CA81E = {
						CreatedOnToolsVersion = 7.2;
					};
				};
			};
			buildConfigurationList = EBC80F821C530059005CA81E /* Build configuration list for PBXProject "Alpine" */;
			compatibilityVersion = "Xcode 3.2";
			developmentRegion = English;
			hasScannedForEncodings = 0;
			knownRegions = (
				en,
				Base,
			);
			mainGroup = EBC80F7E1C530059005CA81E;
			productRefGroup = EBC80F881C530059005CA81E /* Products */;
			projectDirPath = "";
			projectRoot = "";
			targets = (
				EBC80F861C530059005CA81E /* Alpine */,
			);
		};
/* End PBXProject section */

/* Begin PBXResourcesBuildPhase section */
		EBC80F851C530059005CA81E /* Resources */ = {
			isa = PBXResourcesBuildPhase;
			buildActionMask = 2147483647;
			files = (
				EBC80F951C530059005CA81E /* LaunchScreen.storyboard in Resources */,
				EBC80F921C530059005CA81E /* Assets.xcassets in Resources */,
				EBC80F901C530059005CA81E /* Main.storyboard in Resources */,
			);
			runOnlyForDeploymentPostprocessing = 0;
		};
/* End PBXResourcesBuildPhase section */

/* Begin PBXSourcesBuildPhase section */
		EBC80F831C530059005CA81E /* Sources */ = {
			isa = PBXSourcesBuildPhase;
			buildActionMask = 2147483647;
			files = (
				EBC80F8D1C530059005CA81E /* ViewController.swift in Sources */,
				EBC80F8B1C530059005CA81E /* AppDelegate.swift in Sources */,
			);
			runOnlyForDeploymentPostprocessing = 0;
		};
/* End PBXSourcesBuildPhase section */

/* Begin PBXVariantGroup section */
		EBC80F8E1C530059005CA81E /* Main.storyboard */ = {
			isa = PBXVariantGroup;
			children = (
				EBC80F8F1C530059005CA81E /* Base */,
			);
			name = Main.storyboard;
			sourceTree = "<group>";
		};
		EBC80F931C530059005CA81E /* LaunchScreen.storyboard */ = {
			isa = PBXVariantGroup;
			children = (
				EBC80F941C530059005CA81E /* Base */,
			);
			name = LaunchScreen.storyboard;
			sourceTree = "<group>";
		};
/* End PBXVariantGroup section */

/* Begin XCBuildConfiguration section */
		EBC80F971C530059005CA81E /* Debug */ = {
			isa = XCBuildConfiguration;
			buildSettings = {
				ALWAYS_SEARCH_USER_PATHS = NO;
				CLANG_CXX_LANGUAGE_STANDARD = "gnu++0x";
				CLANG_CXX_LIBRARY = "libc++";
				CLANG_ENABLE_MODULES = YES;
				CLANG_ENABLE_OBJC_ARC = YES;
				CLANG_WARN_BOOL_CONVERSION = YES;
				CLANG_WARN_CONSTANT_CONVERSION = YES;
				CLANG_WARN_DIRECT_OBJC_ISA_USAGE = YES_ERROR;
				CLANG_WARN_EMPTY_BODY = YES;
				CLANG_WARN_ENUM_CONVERSION = YES;
				CLANG_WARN_INT_CONVERSION = YES;
				CLANG_WARN_OBJC_ROOT_CLASS = YES_ERROR;
				CLANG_WARN_UNREACHABLE_CODE = YES;
				CLANG_WARN__DUPLICATE_METHOD_MATCH = YES;
				"CODE_SIGN_IDENTITY[sdk=iphoneos*]" = "iPhone Developer";
				COPY_PHASE_STRIP = NO;
				DEBUG_INFORMATION_FORMAT = dwarf;
				ENABLE_STRICT_OBJC_MSGSEND = YES;
				ENABLE_TESTABILITY = YES;
				GCC_C_LANGUAGE_STANDARD = gnu99;
				GCC_DYNAMIC_NO_PIC = NO;
				GCC_NO_COMMON_BLOCKS = YES;
				GCC_OPTIMIZATION_LEVEL = 0;
				GCC_PREPROCESSOR_DEFINITIONS = (
					"DEBUG=1",
					"$(inherited)",
				);
				GCC_WARN_64_TO_32_BIT_CONVERSION = YES;
				GCC_WARN_ABOUT_RETURN_TYPE = YES_ERROR;
				GCC_WARN_UNDECLARED_SELECTOR = YES;
				GCC_WARN_UNINITIALIZED_AUTOS = YES_AGGRESSIVE;
				GCC_WARN_UNUSED_FUNCTION = YES;
				GCC_WARN_UNUSED_VARIABLE = YES;
				IPHONEOS_DEPLOYMENT_TARGET = 9.2;
				MTL_ENABLE_DEBUG_INFO = YES;
				ONLY_ACTIVE_ARCH = YES;
				SDKROOT = iphoneos;
				SWIFT_OPTIMIZATION_LEVEL = "-Onone";
				TARGETED_DEVICE_FAMILY = "1,2";
			};
			name = Debug;
		};
		EBC80F981C530059005CA81E /* Release */ = {
			isa = XCBuildConfiguration;
			buildSettings = {
				ALWAYS_SEARCH_USER_PATHS = NO;
				CLANG_CXX_LANGUAGE_STANDARD = "gnu++0x";
				CLANG_CXX_LIBRARY = "libc++";
				CLANG_ENABLE_MODULES = YES;
				CLANG_ENABLE_OBJC_ARC = YES;
				CLANG_WARN_BOOL_CONVERSION = YES;
				CLANG_WARN_CONSTANT_CONVERSION = YES;
				CLANG_WARN_DIRECT_OBJC_ISA_USAGE = YES_ERROR;
				CLANG_WARN_EMPTY_BODY = YES;
				CLANG_WARN_ENUM_CONVERSION = YES;
				CLANG_WARN_INT_CONVERSION = YES;
				CLANG_WARN_OBJC_ROOT_CLASS = YES_ERROR;
				CLANG_WARN_UNREACHABLE_CODE = YES;
				CLANG_WARN__DUPLICATE_METHOD_MATCH = YES;
				"CODE_SIGN_IDENTITY[sdk=iphoneos*]" = "iPhone Developer";
				COPY_PHASE_STRIP = NO;
				DEBUG_INFORMATION_FORMAT = "dwarf-with-dsym";
				ENABLE_NS_ASSERTIONS = NO;
				ENABLE_STRICT_OBJC_MSGSEND = YES;
				GCC_C_LANGUAGE_STANDARD = gnu99;
				GCC_NO_COMMON_BLOCKS = YES;
				GCC_WARN_64_TO_32_BIT_CONVERSION = YES;
				GCC_WARN_ABOUT_RETURN_TYPE = YES_ERROR;
				GCC_WARN_UNDECLARED_SELECTOR = YES;
				GCC_WARN_UNINITIALIZED_AUTOS = YES_AGGRESSIVE;
				GCC_WARN_UNUSED_FUNCTION = YES;
				GCC_WARN_UNUSED_VARIABLE = YES;
				IPHONEOS_DEPLOYMENT_TARGET = 9.2;
				MTL_ENABLE_DEBUG_INFO = NO;
				SDKROOT = iphoneos;
				TARGETED_DEVICE_FAMILY = "1,2";
				VALIDATE_PRODUCT = YES;
			};
			name = Release;
		};
		EBC80F9A1C530059005CA81E /* Debug */ = {
			isa = XCBuildConfiguration;
			buildSettings = {
				ASSETCATALOG_COMPILER_APPICON_NAME = AppIcon;
				INFOPLIST_FILE = Alpine/Info.plist;
				LD_RUNPATH_SEARCH_PATHS = "$(inherited) @executable_path/Frameworks";
				PRODUCT_BUNDLE_IDENTIFIER = nyc.jackcook.Alpine;
				PRODUCT_NAME = "$(TARGET_NAME)";
			};
			name = Debug;
		};
		EBC80F9B1C530059005CA81E /* Release */ = {
			isa = XCBuildConfiguration;
			buildSettings = {
				ASSETCATALOG_COMPILER_APPICON_NAME = AppIcon;
				INFOPLIST_FILE = Alpine/Info.plist;
				LD_RUNPATH_SEARCH_PATHS = "$(inherited) @executable_path/Frameworks";
				PRODUCT_BUNDLE_IDENTIFIER = nyc.jackcook.Alpine;
				PRODUCT_NAME = "$(TARGET_NAME)";
			};
			name = Release;
		};
/* End XCBuildConfiguration section */

/* Begin XCConfigurationList section */
		EBC80F821C530059005CA81E /* Build configuration list for PBXProject "Alpine" */ = {
			isa = XCConfigurationList;
			buildConfigurations = (
				EBC80F971C530059005CA81E /* Debug */,
				EBC80F981C530059005CA81E /* Release */,
			);
			defaultConfigurationIsVisible = 0;
			defaultConfigurationName = Release;
		};
		EBC80F991C530059005CA81E /* Build configuration list for PBXNativeTarget "Alpine" */ = {
			isa = XCConfigurationList;
			buildConfigurations = (
				EBC80F9A1C530059005CA81E /* Debug */,
				EBC80F9B1C530059005CA81E /* Release */,
			);
			defaultConfigurationIsVisible = 0;
		};
/* End XCConfigurationList section */
	};
	rootObject = EBC80F7F1C530059005CA81E /* Project object */;
}
